// !$*UTF8*$!
{
	archiveVersion = 1;
	classes = {
	};
	objectVersion = 77;
	objects = {

/* Begin PBXBuildFile section */
		0114FE639981345F8C255595 /* UpdateFeed.swift in Sources */ = {isa = PBXBuildFile; fileRef = FF8E59C9E03E51DAC17AA069 /* UpdateFeed.swift */; };
		05BD657E9F27932B7731B22E /* Theme.swift in Sources */ = {isa = PBXBuildFile; fileRef = AB0BEB119AC346575F294791 /* Theme.swift */; };
		087C21614953E3550AFA5EAD /* ZCOOLKuaiLe-Regular.ttf in Resources */ = {isa = PBXBuildFile; fileRef = 36E359ABA70D3F000C664E84 /* ZCOOLKuaiLe-Regular.ttf */; };
		0C230769F509366AD8CF68D3 /* AppIcon.icon in Resources */ = {isa = PBXBuildFile; fileRef = 88D6A4AC13FCED85D5A1C9C9 /* AppIcon.icon */; };
		11B16FB2B6452F27E284036D /* ZCOOLKuaiLe-Regular.ttf in Resources */ = {isa = PBXBuildFile; fileRef = 36E359ABA70D3F000C664E84 /* ZCOOLKuaiLe-Regular.ttf */; };
		1340206C687EF386A337FF93 /* Assets.xcassets in Resources */ = {isa = PBXBuildFile; fileRef = E6D39776A1F273D7F76662DC /* Assets.xcassets */; };
		141A7223F51A284E838ADB4D /* ZCOOLKuaiLe-Regular.ttf in Resources */ = {isa = PBXBuildFile; fileRef = 36E359ABA70D3F000C664E84 /* ZCOOLKuaiLe-Regular.ttf */; };
		163D85FBE7B705CB903F1B6F /* Decorations.swift in Sources */ = {isa = PBXBuildFile; fileRef = B6A3B39A40BA592EAD1A9BFC /* Decorations.swift */; };
		17C9F9D3EFE6B3792058274A /* Decorations.swift in Sources */ = {isa = PBXBuildFile; fileRef = B6A3B39A40BA592EAD1A9BFC /* Decorations.swift */; };
		19B036DBB1F7E2D279FCEEA8 /* WidgetViews.swift in Sources */ = {isa = PBXBuildFile; fileRef = C7290B862DB31AC443A2B318 /* WidgetViews.swift */; };
		1C1FA579E8D7392EBA8189FB /* BabyAge.swift in Sources */ = {isa = PBXBuildFile; fileRef = 2723E15C85B14A587F1C93FD /* BabyAge.swift */; };
		1D63D4D4F7687CE5D2FA431E /* BabyDaysWidget.swift in Sources */ = {isa = PBXBuildFile; fileRef = 4640FE427534B41F9E66EF30 /* BabyDaysWidget.swift */; };
		1DF7582397B71ED5EBC552EE /* TVAgeBoard.swift in Sources */ = {isa = PBXBuildFile; fileRef = 562C371354B4E5E7861A88D7 /* TVAgeBoard.swift */; };
		1F536F6CC8FC377333274442 /* Updater.swift in Sources */ = {isa = PBXBuildFile; fileRef = 979C421F113884D2FD2A73B5 /* Updater.swift */; };
		2672869FA5261815AF0A8D81 /* GalleryView.swift in Sources */ = {isa = PBXBuildFile; fileRef = 1C68CFCCA75FC5797CC4E247 /* GalleryView.swift */; };
		2695FF58B5C2E3BF6B1F480C /* TVShared.xcassets in Resources */ = {isa = PBXBuildFile; fileRef = D8229526326E4A84451C6D13 /* TVShared.xcassets */; };
		28FFDB31CD396127A5497CA0 /* TVShared.xcassets in Resources */ = {isa = PBXBuildFile; fileRef = D8229526326E4A84451C6D13 /* TVShared.xcassets */; };
		2B4CB2C9081B7004C28DC16B /* AppIcon.icon in Resources */ = {isa = PBXBuildFile; fileRef = 88D6A4AC13FCED85D5A1C9C9 /* AppIcon.icon */; };
		2EC0312642937510BDFA9D19 /* UpdateFeed.swift in Sources */ = {isa = PBXBuildFile; fileRef = FF8E59C9E03E51DAC17AA069 /* UpdateFeed.swift */; };
		30550F42538C5650948AD546 /* BabyDaysWidget-macOS.appex in Embed Foundation Extensions */ = {isa = PBXBuildFile; fileRef = C3D54712B8B857E06731C70F /* BabyDaysWidget-macOS.appex */; settings = {ATTRIBUTES = (RemoveHeadersOnCopy, ); }; };
		3490386E310354D279FFF94A /* ZCOOLKuaiLe-Regular.ttf in Resources */ = {isa = PBXBuildFile; fileRef = 36E359ABA70D3F000C664E84 /* ZCOOLKuaiLe-Regular.ttf */; };
		35D28C6CE0A4CA7F61986889 /* BabyProfile.swift in Sources */ = {isa = PBXBuildFile; fileRef = 7D07C479FDF6D0DD087CDC1C /* BabyProfile.swift */; };
		3B24C658E6F75E06FE4FFA0B /* TVIcon.xcassets in Resources */ = {isa = PBXBuildFile; fileRef = 333570876B84B607B200E168 /* TVIcon.xcassets */; };
		3DEBB0754ECFDBCD83CA6F39 /* Updater.swift in Sources */ = {isa = PBXBuildFile; fileRef = 979C421F113884D2FD2A73B5 /* Updater.swift */; };
		443A315C5A73F7E8316DFB56 /* GalleryView.swift in Sources */ = {isa = PBXBuildFile; fileRef = 1C68CFCCA75FC5797CC4E247 /* GalleryView.swift */; };
		4643DD1E19D18DEF2F836278 /* BabyDaysWidget-macOS-AppStore.appex in Embed Foundation Extensions */ = {isa = PBXBuildFile; fileRef = D78CDCD752E3BD6B38BFFB10 /* BabyDaysWidget-macOS-AppStore.appex */; settings = {ATTRIBUTES = (RemoveHeadersOnCopy, ); }; };
		47FC756A10D8614C60ECDA5A /* InfoPlist.strings in Resources */ = {isa = PBXBuildFile; fileRef = B81C9E4F6BC9C9063C685250 /* InfoPlist.strings */; };
		4A28258B37CB00B9BA0133A3 /* WidgetViews.swift in Sources */ = {isa = PBXBuildFile; fileRef = C7290B862DB31AC443A2B318 /* WidgetViews.swift */; };
		4FD292BB1FC716D5B21CFC01 /* Theme.swift in Sources */ = {isa = PBXBuildFile; fileRef = AB0BEB119AC346575F294791 /* Theme.swift */; };
		50FA9A869BB4309EEAB793BC /* Theme.swift in Sources */ = {isa = PBXBuildFile; fileRef = AB0BEB119AC346575F294791 /* Theme.swift */; };
		51FB3C22489FB196D8DE4D37 /* InfoPlist.strings in Resources */ = {isa = PBXBuildFile; fileRef = B81C9E4F6BC9C9063C685250 /* InfoPlist.strings */; };
		552055D7C68978B104A225BD /* BabyAge.swift in Sources */ = {isa = PBXBuildFile; fileRef = 2723E15C85B14A587F1C93FD /* BabyAge.swift */; };
		55C3B6E6004828112DD7D507 /* Decorations.swift in Sources */ = {isa = PBXBuildFile; fileRef = B6A3B39A40BA592EAD1A9BFC /* Decorations.swift */; };
		587B3BFDE00B0AF180059292 /* ContentProvider.swift in Sources */ = {isa = PBXBuildFile; fileRef = F14FB6A857E7010FA0C5FBB6 /* ContentProvider.swift */; };
		5CBD383984F707CEB9ACBFB7 /* BabyAge.swift in Sources */ = {isa = PBXBuildFile; fileRef = 2723E15C85B14A587F1C93FD /* BabyAge.swift */; };
		5D01EE61320F6213E197DA3B /* Updater.swift in Sources */ = {isa = PBXBuildFile; fileRef = 979C421F113884D2FD2A73B5 /* Updater.swift */; };
		5D34C5986FC44FCA4988C124 /* TVApp.swift in Sources */ = {isa = PBXBuildFile; fileRef = 48AE50650625C813585A0986 /* TVApp.swift */; };
		5ED75374B756458B07B71863 /* Theme.swift in Sources */ = {isa = PBXBuildFile; fileRef = AB0BEB119AC346575F294791 /* Theme.swift */; };
		648762603AC801B2A79FB589 /* WidgetViews.swift in Sources */ = {isa = PBXBuildFile; fileRef = C7290B862DB31AC443A2B318 /* WidgetViews.swift */; };
		6806DADC6FAB14E3F68856B3 /* Theme.swift in Sources */ = {isa = PBXBuildFile; fileRef = AB0BEB119AC346575F294791 /* Theme.swift */; };
		6A20A6593BEA3C5B47930B6D /* Sparkle in Frameworks */ = {isa = PBXBuildFile; productRef = 97DEF3B07E064FF3AA75D12A /* Sparkle */; };
		6D98110133053D781BBDA668 /* BabyDaysTopShelf-tvOS.appex in Embed Foundation Extensions */ = {isa = PBXBuildFile; fileRef = 456E70E52E0220280AAE2AFE /* BabyDaysTopShelf-tvOS.appex */; settings = {ATTRIBUTES = (RemoveHeadersOnCopy, ); }; };
		6DB8F4CCA8B27D3022A2D356 /* UpdateFeed.swift in Sources */ = {isa = PBXBuildFile; fileRef = FF8E59C9E03E51DAC17AA069 /* UpdateFeed.swift */; };
		6E575C742F050C93D9365813 /* Theme.swift in Sources */ = {isa = PBXBuildFile; fileRef = AB0BEB119AC346575F294791 /* Theme.swift */; };
		70414C506ABD16B083F85C5E /* UpdateFeed.swift in Sources */ = {isa = PBXBuildFile; fileRef = FF8E59C9E03E51DAC17AA069 /* UpdateFeed.swift */; };
		732E1493A42F3746915B719F /* Theme.swift in Sources */ = {isa = PBXBuildFile; fileRef = AB0BEB119AC346575F294791 /* Theme.swift */; };
		7776FF7325F403EF8FE2A8D8 /* Decorations.swift in Sources */ = {isa = PBXBuildFile; fileRef = B6A3B39A40BA592EAD1A9BFC /* Decorations.swift */; };
		7B8B17C01BDED15AE27C51A1 /* ZCOOLKuaiLe-Regular.ttf in Resources */ = {isa = PBXBuildFile; fileRef = 36E359ABA70D3F000C664E84 /* ZCOOLKuaiLe-Regular.ttf */; };
		7C5AE6A358C5EA6DFEF1D320 /* WidgetViews.swift in Sources */ = {isa = PBXBuildFile; fileRef = C7290B862DB31AC443A2B318 /* WidgetViews.swift */; };
		7CE8F8D81AC253D42B001F96 /* UpdateFeed.swift in Sources */ = {isa = PBXBuildFile; fileRef = FF8E59C9E03E51DAC17AA069 /* UpdateFeed.swift */; };
		81124A6A54628D539119F77C /* UpdateFeed.swift in Sources */ = {isa = PBXBuildFile; fileRef = FF8E59C9E03E51DAC17AA069 /* UpdateFeed.swift */; };
		818AE843F054285AFC2D89D1 /* WidgetViews.swift in Sources */ = {isa = PBXBuildFile; fileRef = C7290B862DB31AC443A2B318 /* WidgetViews.swift */; };
		898211D42D57C5FCB71629E1 /* BabyProfile.swift in Sources */ = {isa = PBXBuildFile; fileRef = 7D07C479FDF6D0DD087CDC1C /* BabyProfile.swift */; };
		8B50C2723B2F171563D70AD2 /* BabyDaysApp.swift in Sources */ = {isa = PBXBuildFile; fileRef = 810606B02BF8DCC10BCC53E9 /* BabyDaysApp.swift */; };
		8E9C2F4AA36B834A72CD1E69 /* Decorations.swift in Sources */ = {isa = PBXBuildFile; fileRef = B6A3B39A40BA592EAD1A9BFC /* Decorations.swift */; };
		9ABC19ECB372FA6A0B4170B3 /* ZCOOLKuaiLe-Regular.ttf in Resources */ = {isa = PBXBuildFile; fileRef = 36E359ABA70D3F000C664E84 /* ZCOOLKuaiLe-Regular.ttf */; };
		9C0BBC09B749160A022DB865 /* BabyDaysApp.swift in Sources */ = {isa = PBXBuildFile; fileRef = 810606B02BF8DCC10BCC53E9 /* BabyDaysApp.swift */; };
		9C342D26C68E5B1A6A0FF477 /* Assets.xcassets in Resources */ = {isa = PBXBuildFile; fileRef = E6D39776A1F273D7F76662DC /* Assets.xcassets */; };
		9D371E1B0657C5B5F9971008 /* AppIcon.icon in Resources */ = {isa = PBXBuildFile; fileRef = 88D6A4AC13FCED85D5A1C9C9 /* AppIcon.icon */; };
		9D9CDC09F963FC81122513F1 /* UpdateFeed.swift in Sources */ = {isa = PBXBuildFile; fileRef = FF8E59C9E03E51DAC17AA069 /* UpdateFeed.swift */; };
		9FB693FD9EA27D0A1BE68DD8 /* Assets.xcassets in Resources */ = {isa = PBXBuildFile; fileRef = E6D39776A1F273D7F76662DC /* Assets.xcassets */; };
		A5D626FD91DABD389C057C0A /* Decorations.swift in Sources */ = {isa = PBXBuildFile; fileRef = B6A3B39A40BA592EAD1A9BFC /* Decorations.swift */; };
		A668308171EC3A46E11B641C /* BabyAge.swift in Sources */ = {isa = PBXBuildFile; fileRef = 2723E15C85B14A587F1C93FD /* BabyAge.swift */; };
		A6D7AF87D52ADCFF015C67E2 /* BabyDaysWidget.swift in Sources */ = {isa = PBXBuildFile; fileRef = 4640FE427534B41F9E66EF30 /* BabyDaysWidget.swift */; };
		A7B5774B9499A3E3D82492FF /* ZCOOLKuaiLe-Regular.ttf in Resources */ = {isa = PBXBuildFile; fileRef = 36E359ABA70D3F000C664E84 /* ZCOOLKuaiLe-Regular.ttf */; };
		A85B7059ADDF81A81819CDD2 /* BabyAge.swift in Sources */ = {isa = PBXBuildFile; fileRef = 2723E15C85B14A587F1C93FD /* BabyAge.swift */; };
		AAAA2A3BA543542161261237 /* WidgetViews.swift in Sources */ = {isa = PBXBuildFile; fileRef = C7290B862DB31AC443A2B318 /* WidgetViews.swift */; };
		B1ABFA14867F1D3C740BC097 /* Assets.xcassets in Resources */ = {isa = PBXBuildFile; fileRef = E6D39776A1F273D7F76662DC /* Assets.xcassets */; };
		B536F3D704D95169ABFC3EF7 /* UpdateFeed.swift in Sources */ = {isa = PBXBuildFile; fileRef = FF8E59C9E03E51DAC17AA069 /* UpdateFeed.swift */; };
		B59F671BF5E514E5D836E87B /* BabyAge.swift in Sources */ = {isa = PBXBuildFile; fileRef = 2723E15C85B14A587F1C93FD /* BabyAge.swift */; };
		BAE30CB8CC9B7951FD9B4362 /* BabyProfile.swift in Sources */ = {isa = PBXBuildFile; fileRef = 7D07C479FDF6D0DD087CDC1C /* BabyProfile.swift */; };
		BB892264ED596B757EE4F4D5 /* BabyProfile.swift in Sources */ = {isa = PBXBuildFile; fileRef = 7D07C479FDF6D0DD087CDC1C /* BabyProfile.swift */; };
		BE293EA831EEA6CC1E94BBA0 /* BabyProfile.swift in Sources */ = {isa = PBXBuildFile; fileRef = 7D07C479FDF6D0DD087CDC1C /* BabyProfile.swift */; };
		CBCCB41004E8C2A5E311AB8C /* BabyDaysWidget-iOS.appex in Embed Foundation Extensions */ = {isa = PBXBuildFile; fileRef = A1549065F95E8F52F9DB2665 /* BabyDaysWidget-iOS.appex */; settings = {ATTRIBUTES = (RemoveHeadersOnCopy, ); }; };
		CBDD349DED3FA4B9388A6244 /* ZCOOLKuaiLe-Regular.ttf in Resources */ = {isa = PBXBuildFile; fileRef = 36E359ABA70D3F000C664E84 /* ZCOOLKuaiLe-Regular.ttf */; };
		D02624F2328217B99CED3D09 /* Theme.swift in Sources */ = {isa = PBXBuildFile; fileRef = AB0BEB119AC346575F294791 /* Theme.swift */; };
		D66DB3782CEF17B44CA2196A /* BabyDaysApp.swift in Sources */ = {isa = PBXBuildFile; fileRef = 810606B02BF8DCC10BCC53E9 /* BabyDaysApp.swift */; };
		D79D72EDB8A844C29F5C3CF4 /* BabyProfile.swift in Sources */ = {isa = PBXBuildFile; fileRef = 7D07C479FDF6D0DD087CDC1C /* BabyProfile.swift */; };
		E0DE40B20A9E50F200E1FA17 /* TVAgeBoard.swift in Sources */ = {isa = PBXBuildFile; fileRef = 562C371354B4E5E7861A88D7 /* TVAgeBoard.swift */; };
		E7B428748B102A1453B9D209 /* Decorations.swift in Sources */ = {isa = PBXBuildFile; fileRef = B6A3B39A40BA592EAD1A9BFC /* Decorations.swift */; };
		E864EF0C605C1E339BFAF2B3 /* WidgetViews.swift in Sources */ = {isa = PBXBuildFile; fileRef = C7290B862DB31AC443A2B318 /* WidgetViews.swift */; };
		E86A65861CC0A8554F105309 /* BabyProfile.swift in Sources */ = {isa = PBXBuildFile; fileRef = 7D07C479FDF6D0DD087CDC1C /* BabyProfile.swift */; };
		EEB41A8279EF61742C23CBF8 /* BabyAge.swift in Sources */ = {isa = PBXBuildFile; fileRef = 2723E15C85B14A587F1C93FD /* BabyAge.swift */; };
		EF39BDBDF94894269A044322 /* BabyAge.swift in Sources */ = {isa = PBXBuildFile; fileRef = 2723E15C85B14A587F1C93FD /* BabyAge.swift */; };
		EFFDD959E70B70FBB3763662 /* WidgetViews.swift in Sources */ = {isa = PBXBuildFile; fileRef = C7290B862DB31AC443A2B318 /* WidgetViews.swift */; };
		F0863B8DAC4A6FC43E761805 /* BabyDaysWidget.swift in Sources */ = {isa = PBXBuildFile; fileRef = 4640FE427534B41F9E66EF30 /* BabyDaysWidget.swift */; };
		F0A496E32402CC04368DFDFB /* GalleryView.swift in Sources */ = {isa = PBXBuildFile; fileRef = 1C68CFCCA75FC5797CC4E247 /* GalleryView.swift */; };
		F488ABFBC20501BA93B8C12F /* InfoPlist.strings in Resources */ = {isa = PBXBuildFile; fileRef = B81C9E4F6BC9C9063C685250 /* InfoPlist.strings */; };
		F529A693D5152869F066FC61 /* BabyProfile.swift in Sources */ = {isa = PBXBuildFile; fileRef = 7D07C479FDF6D0DD087CDC1C /* BabyProfile.swift */; };
		FCE7119E24C2F5F718A28EDA /* InfoPlist.strings in Resources */ = {isa = PBXBuildFile; fileRef = B81C9E4F6BC9C9063C685250 /* InfoPlist.strings */; };
		FE2C9F558545C75288AA2188 /* Decorations.swift in Sources */ = {isa = PBXBuildFile; fileRef = B6A3B39A40BA592EAD1A9BFC /* Decorations.swift */; };
/* End PBXBuildFile section */

/* Begin PBXContainerItemProxy section */
		034D3AC53BD65811FEA8D977 /* PBXContainerItemProxy */ = {
			isa = PBXContainerItemProxy;
			containerPortal = 3BE861DE2A9C7BFBCF860A92 /* Project object */;
			proxyType = 1;
			remoteGlobalIDString = B2475A3389FC79CBFF33636A;
			remoteInfo = "BabyDaysWidget-macOS-AppStore";
		};
		26800B64B0604E304E7F4954 /* PBXContainerItemProxy */ = {
			isa = PBXContainerItemProxy;
			containerPortal = 3BE861DE2A9C7BFBCF860A92 /* Project object */;
			proxyType = 1;
			remoteGlobalIDString = 9387DE2D2F6689C39BC03A0F;
			remoteInfo = "BabyDaysTopShelf-tvOS";
		};
		DE538F21111E23807921EC32 /* PBXContainerItemProxy */ = {
			isa = PBXContainerItemProxy;
			containerPortal = 3BE861DE2A9C7BFBCF860A92 /* Project object */;
			proxyType = 1;
			remoteGlobalIDString = 4D66860E0E5D874FFD17D353;
			remoteInfo = "BabyDaysWidget-iOS";
		};
		F97D279CF13B39C8763EBD67 /* PBXContainerItemProxy */ = {
			isa = PBXContainerItemProxy;
			containerPortal = 3BE861DE2A9C7BFBCF860A92 /* Project object */;
			proxyType = 1;
			remoteGlobalIDString = BB5B9ABF3F7A389D1A0B4FBA;
			remoteInfo = "BabyDaysWidget-macOS";
		};
/* End PBXContainerItemProxy section */

/* Begin PBXCopyFilesBuildPhase section */
		0124554321CCA1231337A284 /* Embed Foundation Extensions */ = {
			isa = PBXCopyFilesBuildPhase;
			buildActionMask = 2147483647;
			dstPath = "";
			dstSubfolderSpec = 13;
			files = (
				30550F42538C5650948AD546 /* BabyDaysWidget-macOS.appex in Embed Foundation Extensions */,
			);
			name = "Embed Foundation Extensions";
			runOnlyForDeploymentPostprocessing = 0;
		};
		061B9A1EAA0278B7BFA175A3 /* Embed Foundation Extensions */ = {
			isa = PBXCopyFilesBuildPhase;
			buildActionMask = 2147483647;
			dstPath = "";
			dstSubfolderSpec = 13;
			files = (
				CBCCB41004E8C2A5E311AB8C /* BabyDaysWidget-iOS.appex in Embed Foundation Extensions */,
			);
			name = "Embed Foundation Extensions";
			runOnlyForDeploymentPostprocessing = 0;
		};
		223EC94F37BEE3A799D309FE /* Embed Foundation Extensions */ = {
			isa = PBXCopyFilesBuildPhase;
			buildActionMask = 2147483647;
			dstPath = "";
			dstSubfolderSpec = 13;
			files = (
				4643DD1E19D18DEF2F836278 /* BabyDaysWidget-macOS-AppStore.appex in Embed Foundation Extensions */,
			);
			name = "Embed Foundation Extensions";
			runOnlyForDeploymentPostprocessing = 0;
		};
		441022000C9E75DA96AC29DB /* Embed Foundation Extensions */ = {
			isa = PBXCopyFilesBuildPhase;
			buildActionMask = 2147483647;
			dstPath = "";
			dstSubfolderSpec = 13;
			files = (
				6D98110133053D781BBDA668 /* BabyDaysTopShelf-tvOS.appex in Embed Foundation Extensions */,
			);
			name = "Embed Foundation Extensions";
			runOnlyForDeploymentPostprocessing = 0;
		};
/* End PBXCopyFilesBuildPhase section */

/* Begin PBXFileReference section */
		02F0CC5895A8039A7B190361 /* BabyDaysWidget-iOS.entitlements */ = {isa = PBXFileReference; lastKnownFileType = text.plist.entitlements; path = "BabyDaysWidget-iOS.entitlements"; sourceTree = "<group>"; };
		0A060655FF92974CEE0CEF08 /* BabyDaysWidget.entitlements */ = {isa = PBXFileReference; lastKnownFileType = text.plist.entitlements; path = BabyDaysWidget.entitlements; sourceTree = "<group>"; };
		0CC9A25A0762CA85A31F6270 /* BabyDays-tvOS.app */ = {isa = PBXFileReference; includeInIndex = 0; lastKnownFileType = wrapper.application; path = "BabyDays-tvOS.app"; sourceTree = BUILT_PRODUCTS_DIR; };
		1C68CFCCA75FC5797CC4E247 /* GalleryView.swift */ = {isa = PBXFileReference; lastKnownFileType = sourcecode.swift; path = GalleryView.swift; sourceTree = "<group>"; };
		2723E15C85B14A587F1C93FD /* BabyAge.swift */ = {isa = PBXFileReference; lastKnownFileType = sourcecode.swift; path = BabyAge.swift; sourceTree = "<group>"; };
		30F711863769175BEFE4D2C9 /* Info.plist */ = {isa = PBXFileReference; lastKnownFileType = text.plist; path = Info.plist; sourceTree = "<group>"; };
		333570876B84B607B200E168 /* TVIcon.xcassets */ = {isa = PBXFileReference; lastKnownFileType = folder.assetcatalog; path = TVIcon.xcassets; sourceTree = "<group>"; };
		36E359ABA70D3F000C664E84 /* ZCOOLKuaiLe-Regular.ttf */ = {isa = PBXFileReference; lastKnownFileType = file; path = "ZCOOLKuaiLe-Regular.ttf"; sourceTree = "<group>"; };
		3AC97E57C812F1C2732E5F6E /* Info.plist */ = {isa = PBXFileReference; lastKnownFileType = text.plist; path = Info.plist; sourceTree = "<group>"; };
		456E70E52E0220280AAE2AFE /* BabyDaysTopShelf-tvOS.appex */ = {isa = PBXFileReference; includeInIndex = 0; lastKnownFileType = "wrapper.app-extension"; path = "BabyDaysTopShelf-tvOS.appex"; sourceTree = BUILT_PRODUCTS_DIR; };
		4640FE427534B41F9E66EF30 /* BabyDaysWidget.swift */ = {isa = PBXFileReference; lastKnownFileType = sourcecode.swift; path = BabyDaysWidget.swift; sourceTree = "<group>"; };
		48AE50650625C813585A0986 /* TVApp.swift */ = {isa = PBXFileReference; lastKnownFileType = sourcecode.swift; path = TVApp.swift; sourceTree = "<group>"; };
		4FC992014CF0193F26FC50F8 /* zh-Hans */ = {isa = PBXFileReference; lastKnownFileType = text.plist.strings; name = "zh-Hans"; path = "zh-Hans.lproj/InfoPlist.strings"; sourceTree = "<group>"; };
		500C6288A8177C978602FBC4 /* Info.plist */ = {isa = PBXFileReference; lastKnownFileType = text.plist; path = Info.plist; sourceTree = "<group>"; };
		562C371354B4E5E7861A88D7 /* TVAgeBoard.swift */ = {isa = PBXFileReference; lastKnownFileType = sourcecode.swift; path = TVAgeBoard.swift; sourceTree = "<group>"; };
		5EFBAC3B4932A25BC015745C /* BabyDays-macOS.app */ = {isa = PBXFileReference; explicitFileType = wrapper.application; includeInIndex = 0; path = "BabyDays-macOS.app"; sourceTree = BUILT_PRODUCTS_DIR; };
		7D07C479FDF6D0DD087CDC1C /* BabyProfile.swift */ = {isa = PBXFileReference; lastKnownFileType = sourcecode.swift; path = BabyProfile.swift; sourceTree = "<group>"; };
		8091240D6C62BD343A9E11A5 /* BabyDaysTopShelf.entitlements */ = {isa = PBXFileReference; lastKnownFileType = text.plist.entitlements; path = BabyDaysTopShelf.entitlements; sourceTree = "<group>"; };
		810606B02BF8DCC10BCC53E9 /* BabyDaysApp.swift */ = {isa = PBXFileReference; lastKnownFileType = sourcecode.swift; path = BabyDaysApp.swift; sourceTree = "<group>"; };
		88D6A4AC13FCED85D5A1C9C9 /* AppIcon.icon */ = {isa = PBXFileReference; lastKnownFileType = wrapper.icon; path = AppIcon.icon; sourceTree = "<group>"; };
		979C421F113884D2FD2A73B5 /* Updater.swift */ = {isa = PBXFileReference; lastKnownFileType = sourcecode.swift; path = Updater.swift; sourceTree = "<group>"; };
		A1549065F95E8F52F9DB2665 /* BabyDaysWidget-iOS.appex */ = {isa = PBXFileReference; includeInIndex = 0; lastKnownFileType = "wrapper.app-extension"; path = "BabyDaysWidget-iOS.appex"; sourceTree = BUILT_PRODUCTS_DIR; };
		A833400620ADA03E10374C43 /* BabyDays-AppStore.entitlements */ = {isa = PBXFileReference; lastKnownFileType = text.plist.entitlements; path = "BabyDays-AppStore.entitlements"; sourceTree = "<group>"; };
		AA9C036A1F216B3025804F58 /* BabyDays.entitlements */ = {isa = PBXFileReference; lastKnownFileType = text.plist.entitlements; path = BabyDays.entitlements; sourceTree = "<group>"; };
		AB0BEB119AC346575F294791 /* Theme.swift */ = {isa = PBXFileReference; lastKnownFileType = sourcecode.swift; path = Theme.swift; sourceTree = "<group>"; };
		B6A3B39A40BA592EAD1A9BFC /* Decorations.swift */ = {isa = PBXFileReference; lastKnownFileType = sourcecode.swift; path = Decorations.swift; sourceTree = "<group>"; };
		BC836E52C76C8D0B3C8FC9B1 /* en */ = {isa = PBXFileReference; lastKnownFileType = text.plist.strings; name = en; path = en.lproj/InfoPlist.strings; sourceTree = "<group>"; };
		BD0232CD3C8AE486D371C7CC /* BabyDays-iOS.entitlements */ = {isa = PBXFileReference; lastKnownFileType = text.plist.entitlements; path = "BabyDays-iOS.entitlements"; sourceTree = "<group>"; };
		C3D54712B8B857E06731C70F /* BabyDaysWidget-macOS.appex */ = {isa = PBXFileReference; explicitFileType = "wrapper.app-extension"; includeInIndex = 0; path = "BabyDaysWidget-macOS.appex"; sourceTree = BUILT_PRODUCTS_DIR; };
		C7290B862DB31AC443A2B318 /* WidgetViews.swift */ = {isa = PBXFileReference; lastKnownFileType = sourcecode.swift; path = WidgetViews.swift; sourceTree = "<group>"; };
		C9492826F2CDD46A6EE16DCC /* BabyDays-tvOS.entitlements */ = {isa = PBXFileReference; lastKnownFileType = text.plist.entitlements; path = "BabyDays-tvOS.entitlements"; sourceTree = "<group>"; };
		D78CDCD752E3BD6B38BFFB10 /* BabyDaysWidget-macOS-AppStore.appex */ = {isa = PBXFileReference; explicitFileType = "wrapper.app-extension"; includeInIndex = 0; path = "BabyDaysWidget-macOS-AppStore.appex"; sourceTree = BUILT_PRODUCTS_DIR; };
		D8229526326E4A84451C6D13 /* TVShared.xcassets */ = {isa = PBXFileReference; lastKnownFileType = folder.assetcatalog; path = TVShared.xcassets; sourceTree = "<group>"; };
		E43A770E5F3F8C325FA0EE22 /* BabyDaysWidget-AppStore.entitlements */ = {isa = PBXFileReference; lastKnownFileType = text.plist.entitlements; path = "BabyDaysWidget-AppStore.entitlements"; sourceTree = "<group>"; };
		E6D39776A1F273D7F76662DC /* Assets.xcassets */ = {isa = PBXFileReference; lastKnownFileType = folder.assetcatalog; path = Assets.xcassets; sourceTree = "<group>"; };
		F14FB6A857E7010FA0C5FBB6 /* ContentProvider.swift */ = {isa = PBXFileReference; lastKnownFileType = sourcecode.swift; path = ContentProvider.swift; sourceTree = "<group>"; };
		F351EE65939441A15140E046 /* BabyDays-iOS.app */ = {isa = PBXFileReference; includeInIndex = 0; lastKnownFileType = wrapper.application; path = "BabyDays-iOS.app"; sourceTree = BUILT_PRODUCTS_DIR; };
		F867FC602B17F8EC52DFEF01 /* BabyDays-macOS-AppStore.app */ = {isa = PBXFileReference; explicitFileType = wrapper.application; includeInIndex = 0; path = "BabyDays-macOS-AppStore.app"; sourceTree = BUILT_PRODUCTS_DIR; };
		FF8E59C9E03E51DAC17AA069 /* UpdateFeed.swift */ = {isa = PBXFileReference; lastKnownFileType = sourcecode.swift; path = UpdateFeed.swift; sourceTree = "<group>"; };
/* End PBXFileReference section */

/* Begin PBXFrameworksBuildPhase section */
		DB525026EA93EA55AA3DDD1C /* Frameworks */ = {
			isa = PBXFrameworksBuildPhase;
			buildActionMask = 2147483647;
			files = (
				6A20A6593BEA3C5B47930B6D /* Sparkle in Frameworks */,
			);
			runOnlyForDeploymentPostprocessing = 0;
		};
/* End PBXFrameworksBuildPhase section */

/* Begin PBXGroup section */
		1A72E3E4DC1E57BD976315E5 /* TVShared */ = {
			isa = PBXGroup;
			children = (
				562C371354B4E5E7861A88D7 /* TVAgeBoard.swift */,
			);
			path = TVShared;
			sourceTree = "<group>";
		};
		2664B18D80EAA0D5CF85B528 /* Localization */ = {
			isa = PBXGroup;
			children = (
				B81C9E4F6BC9C9063C685250 /* InfoPlist.strings */,
			);
			path = Localization;
			sourceTree = "<group>";
		};
		27D76680F2FC9F26CE75EA55 /* Resources */ = {
			isa = PBXGroup;
			children = (
				88D6A4AC13FCED85D5A1C9C9 /* AppIcon.icon */,
				E6D39776A1F273D7F76662DC /* Assets.xcassets */,
				333570876B84B607B200E168 /* TVIcon.xcassets */,
				D8229526326E4A84451C6D13 /* TVShared.xcassets */,
				70233948CFD1366DB55425A3 /* Fonts */,
				2664B18D80EAA0D5CF85B528 /* Localization */,
			);
			path = Resources;
			sourceTree = "<group>";
		};
		4CA32BBF73F94131492780A9 /* TopShelf */ = {
			isa = PBXGroup;
			children = (
				8091240D6C62BD343A9E11A5 /* BabyDaysTopShelf.entitlements */,
				F14FB6A857E7010FA0C5FBB6 /* ContentProvider.swift */,
				3AC97E57C812F1C2732E5F6E /* Info.plist */,
			);
			path = TopShelf;
			sourceTree = "<group>";
		};
		59C2F34094F6040A86615049 /* App */ = {
			isa = PBXGroup;
			children = (
				A833400620ADA03E10374C43 /* BabyDays-AppStore.entitlements */,
				BD0232CD3C8AE486D371C7CC /* BabyDays-iOS.entitlements */,
				AA9C036A1F216B3025804F58 /* BabyDays.entitlements */,
				810606B02BF8DCC10BCC53E9 /* BabyDaysApp.swift */,
				1C68CFCCA75FC5797CC4E247 /* GalleryView.swift */,
				979C421F113884D2FD2A73B5 /* Updater.swift */,
			);
			path = App;
			sourceTree = "<group>";
		};
		5F7D025A15F12E05A01099C3 = {
			isa = PBXGroup;
			children = (
				59C2F34094F6040A86615049 /* App */,
				27D76680F2FC9F26CE75EA55 /* Resources */,
				F5FBA8F2DCC604939E7466B1 /* Shared */,
				4CA32BBF73F94131492780A9 /* TopShelf */,
				E14A0EAF2E81E0D3A8FC0E7D /* TV */,
				1A72E3E4DC1E57BD976315E5 /* TVShared */,
				DAFF86C3696353047AD7EE8A /* Widget */,
				707F59585BF0B1D3C4CC9D55 /* Products */,
			);
			sourceTree = "<group>";
		};
		70233948CFD1366DB55425A3 /* Fonts */ = {
			isa = PBXGroup;
			children = (
				36E359ABA70D3F000C664E84 /* ZCOOLKuaiLe-Regular.ttf */,
			);
			path = Fonts;
			sourceTree = "<group>";
		};
		707F59585BF0B1D3C4CC9D55 /* Products */ = {
			isa = PBXGroup;
			children = (
				F351EE65939441A15140E046 /* BabyDays-iOS.app */,
				F867FC602B17F8EC52DFEF01 /* BabyDays-macOS-AppStore.app */,
				5EFBAC3B4932A25BC015745C /* BabyDays-macOS.app */,
				0CC9A25A0762CA85A31F6270 /* BabyDays-tvOS.app */,
				456E70E52E0220280AAE2AFE /* BabyDaysTopShelf-tvOS.appex */,
				A1549065F95E8F52F9DB2665 /* BabyDaysWidget-iOS.appex */,
				D78CDCD752E3BD6B38BFFB10 /* BabyDaysWidget-macOS-AppStore.appex */,
				C3D54712B8B857E06731C70F /* BabyDaysWidget-macOS.appex */,
			);
			name = Products;
			sourceTree = "<group>";
		};
		DAFF86C3696353047AD7EE8A /* Widget */ = {
			isa = PBXGroup;
			children = (
				E43A770E5F3F8C325FA0EE22 /* BabyDaysWidget-AppStore.entitlements */,
				02F0CC5895A8039A7B190361 /* BabyDaysWidget-iOS.entitlements */,
				0A060655FF92974CEE0CEF08 /* BabyDaysWidget.entitlements */,
				4640FE427534B41F9E66EF30 /* BabyDaysWidget.swift */,
				30F711863769175BEFE4D2C9 /* Info.plist */,
			);
			path = Widget;
			sourceTree = "<group>";
		};
		E14A0EAF2E81E0D3A8FC0E7D /* TV */ = {
			isa = PBXGroup;
			children = (
				C9492826F2CDD46A6EE16DCC /* BabyDays-tvOS.entitlements */,
				500C6288A8177C978602FBC4 /* Info.plist */,
				48AE50650625C813585A0986 /* TVApp.swift */,
			);
			path = TV;
			sourceTree = "<group>";
		};
		F5FBA8F2DCC604939E7466B1 /* Shared */ = {
			isa = PBXGroup;
			children = (
				2723E15C85B14A587F1C93FD /* BabyAge.swift */,
				7D07C479FDF6D0DD087CDC1C /* BabyProfile.swift */,
				B6A3B39A40BA592EAD1A9BFC /* Decorations.swift */,
				AB0BEB119AC346575F294791 /* Theme.swift */,
				FF8E59C9E03E51DAC17AA069 /* UpdateFeed.swift */,
				C7290B862DB31AC443A2B318 /* WidgetViews.swift */,
			);
			path = Shared;
			sourceTree = "<group>";
		};
/* End PBXGroup section */

/* Begin PBXNativeTarget section */
		36B3216D9C2511E35BC05D71 /* BabyDays-tvOS */ = {
			isa = PBXNativeTarget;
			buildConfigurationList = 7AA122247797471DF09C21E4 /* Build configuration list for PBXNativeTarget "BabyDays-tvOS" */;
			buildPhases = (
				779301A4E37B3C386F840C2A /* Sources */,
				71A1312F247EBDE02A8EF0A7 /* Resources */,
				441022000C9E75DA96AC29DB /* Embed Foundation Extensions */,
			);
			buildRules = (
			);
			dependencies = (
				4DFB1E87B4495BD64764C4BE /* PBXTargetDependency */,
			);
			name = "BabyDays-tvOS";
			packageProductDependencies = (
			);
			productName = "BabyDays-tvOS";
			productReference = 0CC9A25A0762CA85A31F6270 /* BabyDays-tvOS.app */;
			productType = "com.apple.product-type.application";
		};
		4D66860E0E5D874FFD17D353 /* BabyDaysWidget-iOS */ = {
			isa = PBXNativeTarget;
			buildConfigurationList = 720C4EF524A833AA9E761768 /* Build configuration list for PBXNativeTarget "BabyDaysWidget-iOS" */;
			buildPhases = (
				2ECDFF9023FE86F8F630DEDF /* Sources */,
				729D9971A698888C82875523 /* Resources */,
			);
			buildRules = (
			);
			dependencies = (
			);
			name = "BabyDaysWidget-iOS";
			packageProductDependencies = (
			);
			productName = "BabyDaysWidget-iOS";
			productReference = A1549065F95E8F52F9DB2665 /* BabyDaysWidget-iOS.appex */;
			productType = "com.apple.product-type.app-extension";
		};
		54CDCA6781BA322E87460522 /* BabyDays-macOS-AppStore */ = {
			isa = PBXNativeTarget;
			buildConfigurationList = 99310AC957B1E54F69F1C0C9 /* Build configuration list for PBXNativeTarget "BabyDays-macOS-AppStore" */;
			buildPhases = (
				25BF97CA63DACDC92AB68515 /* Sources */,
				288B6227E4A4DE570B1DB507 /* Resources */,
				223EC94F37BEE3A799D309FE /* Embed Foundation Extensions */,
			);
			buildRules = (
			);
			dependencies = (
				7F58D394BE1AB4C0B66D72A1 /* PBXTargetDependency */,
			);
			name = "BabyDays-macOS-AppStore";
			packageProductDependencies = (
			);
			productName = "BabyDays-macOS-AppStore";
			productReference = F867FC602B17F8EC52DFEF01 /* BabyDays-macOS-AppStore.app */;
			productType = "com.apple.product-type.application";
		};
		9387DE2D2F6689C39BC03A0F /* BabyDaysTopShelf-tvOS */ = {
			isa = PBXNativeTarget;
			buildConfigurationList = A2F03F24F484898267DD141F /* Build configuration list for PBXNativeTarget "BabyDaysTopShelf-tvOS" */;
			buildPhases = (
				49E8AC2550E6AD764B7ABD86 /* Sources */,
				4E136A322CF64B1F480C8FEC /* Resources */,
			);
			buildRules = (
			);
			dependencies = (
			);
			name = "BabyDaysTopShelf-tvOS";
			packageProductDependencies = (
			);
			productName = "BabyDaysTopShelf-tvOS";
			productReference = 456E70E52E0220280AAE2AFE /* BabyDaysTopShelf-tvOS.appex */;
			productType = "com.apple.product-type.app-extension";
		};
		B069D1490752D9C1A1692B62 /* BabyDays-iOS */ = {
			isa = PBXNativeTarget;
			buildConfigurationList = D83BB5260B57AAAA64851CEA /* Build configuration list for PBXNativeTarget "BabyDays-iOS" */;
			buildPhases = (
				EE98D5F7E626A74392B30778 /* Sources */,
				F38EEEEA872043BB7EE34B71 /* Resources */,
				061B9A1EAA0278B7BFA175A3 /* Embed Foundation Extensions */,
			);
			buildRules = (
			);
			dependencies = (
				B7644881DD045A68D5638D08 /* PBXTargetDependency */,
			);
			name = "BabyDays-iOS";
			packageProductDependencies = (
			);
			productName = "BabyDays-iOS";
			productReference = F351EE65939441A15140E046 /* BabyDays-iOS.app */;
			productType = "com.apple.product-type.application";
		};
		B2475A3389FC79CBFF33636A /* BabyDaysWidget-macOS-AppStore */ = {
			isa = PBXNativeTarget;
			buildConfigurationList = C26ABA931DC09E1880DB8BE0 /* Build configuration list for PBXNativeTarget "BabyDaysWidget-macOS-AppStore" */;
			buildPhases = (
				DA9AABED9AD86D5302D42474 /* Sources */,
				3FF4501F6B92CACDE6930D72 /* Resources */,
			);
			buildRules = (
			);
			dependencies = (
			);
			name = "BabyDaysWidget-macOS-AppStore";
			packageProductDependencies = (
			);
			productName = "BabyDaysWidget-macOS-AppStore";
			productReference = D78CDCD752E3BD6B38BFFB10 /* BabyDaysWidget-macOS-AppStore.appex */;
			productType = "com.apple.product-type.app-extension";
		};
		BB5B9ABF3F7A389D1A0B4FBA /* BabyDaysWidget-macOS */ = {
			isa = PBXNativeTarget;
			buildConfigurationList = 31895CCB6F80348898678C49 /* Build configuration list for PBXNativeTarget "BabyDaysWidget-macOS" */;
			buildPhases = (
				933B5E8B257EACD0B0F1DBD9 /* Sources */,
				A42CB5CA8E06E46C4FDBFC2C /* Resources */,
			);
			buildRules = (
			);
			dependencies = (
			);
			name = "BabyDaysWidget-macOS";
			packageProductDependencies = (
			);
			productName = "BabyDaysWidget-macOS";
			productReference = C3D54712B8B857E06731C70F /* BabyDaysWidget-macOS.appex */;
			productType = "com.apple.product-type.app-extension";
		};
		BC1F52B237183ECF887E0CD4 /* BabyDays-macOS */ = {
			isa = PBXNativeTarget;
			buildConfigurationList = 66AC71482B8DDD3B40830494 /* Build configuration list for PBXNativeTarget "BabyDays-macOS" */;
			buildPhases = (
				5A015395480BC9FFD129199C /* Sources */,
				9DC6B210CFCED6408042490C /* Resources */,
				DB525026EA93EA55AA3DDD1C /* Frameworks */,
				0124554321CCA1231337A284 /* Embed Foundation Extensions */,
			);
			buildRules = (
			);
			dependencies = (
				40A62BE0357959BB870C9450 /* PBXTargetDependency */,
			);
			name = "BabyDays-macOS";
			packageProductDependencies = (
				97DEF3B07E064FF3AA75D12A /* Sparkle */,
			);
			productName = "BabyDays-macOS";
			productReference = 5EFBAC3B4932A25BC015745C /* BabyDays-macOS.app */;
			productType = "com.apple.product-type.application";
		};
/* End PBXNativeTarget section */

/* Begin PBXProject section */
		3BE861DE2A9C7BFBCF860A92 /* Project object */ = {
			isa = PBXProject;
			attributes = {
				BuildIndependentTargetsInParallel = YES;
				LastUpgradeCheck = 1430;
				TargetAttributes = {
					36B3216D9C2511E35BC05D71 = {
						DevelopmentTeam = N7Z52F27XK;
						ProvisioningStyle = Automatic;
					};
					4D66860E0E5D874FFD17D353 = {
						DevelopmentTeam = N7Z52F27XK;
						ProvisioningStyle = Automatic;
					};
					54CDCA6781BA322E87460522 = {
						DevelopmentTeam = N7Z52F27XK;
						ProvisioningStyle = Automatic;
					};
					9387DE2D2F6689C39BC03A0F = {
						DevelopmentTeam = N7Z52F27XK;
						ProvisioningStyle = Automatic;
					};
					B069D1490752D9C1A1692B62 = {
						DevelopmentTeam = N7Z52F27XK;
						ProvisioningStyle = Automatic;
					};
					B2475A3389FC79CBFF33636A = {
						DevelopmentTeam = N7Z52F27XK;
						ProvisioningStyle = Automatic;
					};
					BB5B9ABF3F7A389D1A0B4FBA = {
						DevelopmentTeam = N7Z52F27XK;
						ProvisioningStyle = Automatic;
					};
					BC1F52B237183ECF887E0CD4 = {
						DevelopmentTeam = N7Z52F27XK;
						ProvisioningStyle = Automatic;
					};
				};
			};
			buildConfigurationList = 13ED3FF9D07120EABEE61116 /* Build configuration list for PBXProject "BabyDays" */;
			developmentRegion = "zh-Hans";
			hasScannedForEncodings = 0;
			knownRegions = (
				Base,
				en,
				"zh-Hans",
			);
			mainGroup = 5F7D025A15F12E05A01099C3;
			minimizedProjectReferenceProxies = 1;
			packageReferences = (
				4116C4A0EA7E2F49F0371AC0 /* XCRemoteSwiftPackageReference "Sparkle" */,
			);
			preferredProjectObjectVersion = 77;
			productRefGroup = 707F59585BF0B1D3C4CC9D55 /* Products */;
			projectDirPath = "";
			projectRoot = "";
			targets = (
				B069D1490752D9C1A1692B62 /* BabyDays-iOS */,
				BC1F52B237183ECF887E0CD4 /* BabyDays-macOS */,
				54CDCA6781BA322E87460522 /* BabyDays-macOS-AppStore */,
				36B3216D9C2511E35BC05D71 /* BabyDays-tvOS */,
				9387DE2D2F6689C39BC03A0F /* BabyDaysTopShelf-tvOS */,
				4D66860E0E5D874FFD17D353 /* BabyDaysWidget-iOS */,
				BB5B9ABF3F7A389D1A0B4FBA /* BabyDaysWidget-macOS */,
				B2475A3389FC79CBFF33636A /* BabyDaysWidget-macOS-AppStore */,
			);
		};
/* End PBXProject section */

/* Begin PBXResourcesBuildPhase section */
		288B6227E4A4DE570B1DB507 /* Resources */ = {
			isa = PBXResourcesBuildPhase;
			buildActionMask = 2147483647;
			files = (
				9D371E1B0657C5B5F9971008 /* AppIcon.icon in Resources */,
				1340206C687EF386A337FF93 /* Assets.xcassets in Resources */,
				51FB3C22489FB196D8DE4D37 /* InfoPlist.strings in Resources */,
				7B8B17C01BDED15AE27C51A1 /* ZCOOLKuaiLe-Regular.ttf in Resources */,
			);
			runOnlyForDeploymentPostprocessing = 0;
		};
		3FF4501F6B92CACDE6930D72 /* Resources */ = {
			isa = PBXResourcesBuildPhase;
			buildActionMask = 2147483647;
			files = (
				CBDD349DED3FA4B9388A6244 /* ZCOOLKuaiLe-Regular.ttf in Resources */,
			);
			runOnlyForDeploymentPostprocessing = 0;
		};
		4E136A322CF64B1F480C8FEC /* Resources */ = {
			isa = PBXResourcesBuildPhase;
			buildActionMask = 2147483647;
			files = (
				2695FF58B5C2E3BF6B1F480C /* TVShared.xcassets in Resources */,
				11B16FB2B6452F27E284036D /* ZCOOLKuaiLe-Regular.ttf in Resources */,
			);
			runOnlyForDeploymentPostprocessing = 0;
		};
		71A1312F247EBDE02A8EF0A7 /* Resources */ = {
			isa = PBXResourcesBuildPhase;
			buildActionMask = 2147483647;
			files = (
				B1ABFA14867F1D3C740BC097 /* Assets.xcassets in Resources */,
				FCE7119E24C2F5F718A28EDA /* InfoPlist.strings in Resources */,
				3B24C658E6F75E06FE4FFA0B /* TVIcon.xcassets in Resources */,
				28FFDB31CD396127A5497CA0 /* TVShared.xcassets in Resources */,
				141A7223F51A284E838ADB4D /* ZCOOLKuaiLe-Regular.ttf in Resources */,
			);
			runOnlyForDeploymentPostprocessing = 0;
		};
		729D9971A698888C82875523 /* Resources */ = {
			isa = PBXResourcesBuildPhase;
			buildActionMask = 2147483647;
			files = (
				9ABC19ECB372FA6A0B4170B3 /* ZCOOLKuaiLe-Regular.ttf in Resources */,
			);
			runOnlyForDeploymentPostprocessing = 0;
		};
		9DC6B210CFCED6408042490C /* Resources */ = {
			isa = PBXResourcesBuildPhase;
			buildActionMask = 2147483647;
			files = (
				0C230769F509366AD8CF68D3 /* AppIcon.icon in Resources */,
				9C342D26C68E5B1A6A0FF477 /* Assets.xcassets in Resources */,
				47FC756A10D8614C60ECDA5A /* InfoPlist.strings in Resources */,
				3490386E310354D279FFF94A /* ZCOOLKuaiLe-Regular.ttf in Resources */,
			);
			runOnlyForDeploymentPostprocessing = 0;
		};
		A42CB5CA8E06E46C4FDBFC2C /* Resources */ = {
			isa = PBXResourcesBuildPhase;
			buildActionMask = 2147483647;
			files = (
				A7B5774B9499A3E3D82492FF /* ZCOOLKuaiLe-Regular.ttf in Resources */,
			);
			runOnlyForDeploymentPostprocessing = 0;
		};
		F38EEEEA872043BB7EE34B71 /* Resources */ = {
			isa = PBXResourcesBuildPhase;
			buildActionMask = 2147483647;
			files = (
				2B4CB2C9081B7004C28DC16B /* AppIcon.icon in Resources */,
				9FB693FD9EA27D0A1BE68DD8 /* Assets.xcassets in Resources */,
				F488ABFBC20501BA93B8C12F /* InfoPlist.strings in Resources */,
				087C21614953E3550AFA5EAD /* ZCOOLKuaiLe-Regular.ttf in Resources */,
			);
			runOnlyForDeploymentPostprocessing = 0;
		};
/* End PBXResourcesBuildPhase section */

/* Begin PBXSourcesBuildPhase section */
		25BF97CA63DACDC92AB68515 /* Sources */ = {
			isa = PBXSourcesBuildPhase;
			buildActionMask = 2147483647;
			files = (
				552055D7C68978B104A225BD /* BabyAge.swift in Sources */,
				9C0BBC09B749160A022DB865 /* BabyDaysApp.swift in Sources */,
				BB892264ED596B757EE4F4D5 /* BabyProfile.swift in Sources */,
				55C3B6E6004828112DD7D507 /* Decorations.swift in Sources */,
				F0A496E32402CC04368DFDFB /* GalleryView.swift in Sources */,
				D02624F2328217B99CED3D09 /* Theme.swift in Sources */,
				2EC0312642937510BDFA9D19 /* UpdateFeed.swift in Sources */,
				3DEBB0754ECFDBCD83CA6F39 /* Updater.swift in Sources */,
				818AE843F054285AFC2D89D1 /* WidgetViews.swift in Sources */,
			);
			runOnlyForDeploymentPostprocessing = 0;
		};
		2ECDFF9023FE86F8F630DEDF /* Sources */ = {
			isa = PBXSourcesBuildPhase;
			buildActionMask = 2147483647;
			files = (
				EEB41A8279EF61742C23CBF8 /* BabyAge.swift in Sources */,
				A6D7AF87D52ADCFF015C67E2 /* BabyDaysWidget.swift in Sources */,
				BAE30CB8CC9B7951FD9B4362 /* BabyProfile.swift in Sources */,
				163D85FBE7B705CB903F1B6F /* Decorations.swift in Sources */,
				6806DADC6FAB14E3F68856B3 /* Theme.swift in Sources */,
				6DB8F4CCA8B27D3022A2D356 /* UpdateFeed.swift in Sources */,
				19B036DBB1F7E2D279FCEEA8 /* WidgetViews.swift in Sources */,
			);
			runOnlyForDeploymentPostprocessing = 0;
		};
		49E8AC2550E6AD764B7ABD86 /* Sources */ = {
			isa = PBXSourcesBuildPhase;
			buildActionMask = 2147483647;
			files = (
				EF39BDBDF94894269A044322 /* BabyAge.swift in Sources */,
				898211D42D57C5FCB71629E1 /* BabyProfile.swift in Sources */,
				587B3BFDE00B0AF180059292 /* ContentProvider.swift in Sources */,
				17C9F9D3EFE6B3792058274A /* Decorations.swift in Sources */,
				E0DE40B20A9E50F200E1FA17 /* TVAgeBoard.swift in Sources */,
				732E1493A42F3746915B719F /* Theme.swift in Sources */,
				70414C506ABD16B083F85C5E /* UpdateFeed.swift in Sources */,
				E864EF0C605C1E339BFAF2B3 /* WidgetViews.swift in Sources */,
			);
			runOnlyForDeploymentPostprocessing = 0;
		};
		5A015395480BC9FFD129199C /* Sources */ = {
			isa = PBXSourcesBuildPhase;
			buildActionMask = 2147483647;
			files = (
				B59F671BF5E514E5D836E87B /* BabyAge.swift in Sources */,
				D66DB3782CEF17B44CA2196A /* BabyDaysApp.swift in Sources */,
				D79D72EDB8A844C29F5C3CF4 /* BabyProfile.swift in Sources */,
				E7B428748B102A1453B9D209 /* Decorations.swift in Sources */,
				443A315C5A73F7E8316DFB56 /* GalleryView.swift in Sources */,
				50FA9A869BB4309EEAB793BC /* Theme.swift in Sources */,
				0114FE639981345F8C255595 /* UpdateFeed.swift in Sources */,
				1F536F6CC8FC377333274442 /* Updater.swift in Sources */,
				648762603AC801B2A79FB589 /* WidgetViews.swift in Sources */,
			);
			runOnlyForDeploymentPostprocessing = 0;
		};
		779301A4E37B3C386F840C2A /* Sources */ = {
			isa = PBXSourcesBuildPhase;
			buildActionMask = 2147483647;
			files = (
				A668308171EC3A46E11B641C /* BabyAge.swift in Sources */,
				E86A65861CC0A8554F105309 /* BabyProfile.swift in Sources */,
				8E9C2F4AA36B834A72CD1E69 /* Decorations.swift in Sources */,
				1DF7582397B71ED5EBC552EE /* TVAgeBoard.swift in Sources */,
				5D34C5986FC44FCA4988C124 /* TVApp.swift in Sources */,
				05BD657E9F27932B7731B22E /* Theme.swift in Sources */,
				7CE8F8D81AC253D42B001F96 /* UpdateFeed.swift in Sources */,
				AAAA2A3BA543542161261237 /* WidgetViews.swift in Sources */,
			);
			runOnlyForDeploymentPostprocessing = 0;
		};
		933B5E8B257EACD0B0F1DBD9 /* Sources */ = {
			isa = PBXSourcesBuildPhase;
			buildActionMask = 2147483647;
			files = (
				5CBD383984F707CEB9ACBFB7 /* BabyAge.swift in Sources */,
				F0863B8DAC4A6FC43E761805 /* BabyDaysWidget.swift in Sources */,
				BE293EA831EEA6CC1E94BBA0 /* BabyProfile.swift in Sources */,
				7776FF7325F403EF8FE2A8D8 /* Decorations.swift in Sources */,
				6E575C742F050C93D9365813 /* Theme.swift in Sources */,
				B536F3D704D95169ABFC3EF7 /* UpdateFeed.swift in Sources */,
				EFFDD959E70B70FBB3763662 /* WidgetViews.swift in Sources */,
			);
			runOnlyForDeploymentPostprocessing = 0;
		};
		DA9AABED9AD86D5302D42474 /* Sources */ = {
			isa = PBXSourcesBuildPhase;
			buildActionMask = 2147483647;
			files = (
				A85B7059ADDF81A81819CDD2 /* BabyAge.swift in Sources */,
				1D63D4D4F7687CE5D2FA431E /* BabyDaysWidget.swift in Sources */,
				F529A693D5152869F066FC61 /* BabyProfile.swift in Sources */,
				A5D626FD91DABD389C057C0A /* Decorations.swift in Sources */,
				5ED75374B756458B07B71863 /* Theme.swift in Sources */,
				9D9CDC09F963FC81122513F1 /* UpdateFeed.swift in Sources */,
				7C5AE6A358C5EA6DFEF1D320 /* WidgetViews.swift in Sources */,
			);
			runOnlyForDeploymentPostprocessing = 0;
		};
		EE98D5F7E626A74392B30778 /* Sources */ = {
			isa = PBXSourcesBuildPhase;
			buildActionMask = 2147483647;
			files = (
				1C1FA579E8D7392EBA8189FB /* BabyAge.swift in Sources */,
				8B50C2723B2F171563D70AD2 /* BabyDaysApp.swift in Sources */,
				35D28C6CE0A4CA7F61986889 /* BabyProfile.swift in Sources */,
				FE2C9F558545C75288AA2188 /* Decorations.swift in Sources */,
				2672869FA5261815AF0A8D81 /* GalleryView.swift in Sources */,
				4FD292BB1FC716D5B21CFC01 /* Theme.swift in Sources */,
				81124A6A54628D539119F77C /* UpdateFeed.swift in Sources */,
				5D01EE61320F6213E197DA3B /* Updater.swift in Sources */,
				4A28258B37CB00B9BA0133A3 /* WidgetViews.swift in Sources */,
			);
			runOnlyForDeploymentPostprocessing = 0;
		};
/* End PBXSourcesBuildPhase section */

/* Begin PBXTargetDependency section */
		40A62BE0357959BB870C9450 /* PBXTargetDependency */ = {
			isa = PBXTargetDependency;
			target = BB5B9ABF3F7A389D1A0B4FBA /* BabyDaysWidget-macOS */;
			targetProxy = F97D279CF13B39C8763EBD67 /* PBXContainerItemProxy */;
		};
		4DFB1E87B4495BD64764C4BE /* PBXTargetDependency */ = {
			isa = PBXTargetDependency;
			target = 9387DE2D2F6689C39BC03A0F /* BabyDaysTopShelf-tvOS */;
			targetProxy = 26800B64B0604E304E7F4954 /* PBXContainerItemProxy */;
		};
		7F58D394BE1AB4C0B66D72A1 /* PBXTargetDependency */ = {
			isa = PBXTargetDependency;
			target = B2475A3389FC79CBFF33636A /* BabyDaysWidget-macOS-AppStore */;
			targetProxy = 034D3AC53BD65811FEA8D977 /* PBXContainerItemProxy */;
		};
		B7644881DD045A68D5638D08 /* PBXTargetDependency */ = {
			isa = PBXTargetDependency;
			target = 4D66860E0E5D874FFD17D353 /* BabyDaysWidget-iOS */;
			targetProxy = DE538F21111E23807921EC32 /* PBXContainerItemProxy */;
		};
/* End PBXTargetDependency section */

/* Begin PBXVariantGroup section */
		B81C9E4F6BC9C9063C685250 /* InfoPlist.strings */ = {
			isa = PBXVariantGroup;
			children = (
				BC836E52C76C8D0B3C8FC9B1 /* en */,
				4FC992014CF0193F26FC50F8 /* zh-Hans */,
			);
			name = InfoPlist.strings;
			sourceTree = "<group>";
		};
/* End PBXVariantGroup section */

/* Begin XCBuildConfiguration section */
		1B6A5EF9637D83737D3A0F67 /* Release */ = {
			isa = XCBuildConfiguration;
			buildSettings = {
				APP_GROUP_ID = group.com.caldis.babydays;
				CODE_SIGN_ENTITLEMENTS = TopShelf/BabyDaysTopShelf.entitlements;
				INFOPLIST_FILE = TopShelf/Info.plist;
				INFOPLIST_KEY_CFBundleDisplayName = "宝宝多大";
				INFOPLIST_KEY_UIRequiredDeviceCapabilities = arm64;
				LD_RUNPATH_SEARCH_PATHS = (
					"$(inherited)",
					"@executable_path/Frameworks",
					"@executable_path/../../Frameworks",
				);
				PRODUCT_BUNDLE_IDENTIFIER = com.caldis.babydays.topshelf;
				PRODUCT_NAME = BabyDaysTopShelf;
				SDKROOT = appletvos;
				SKIP_INSTALL = YES;
				TARGETED_DEVICE_FAMILY = 3;
			};
			name = Release;
		};
		298E93DEDB512E0C03DB130F /* Debug */ = {
			isa = XCBuildConfiguration;
			buildSettings = {
				APP_GROUP_ID = N7Z52F27XK.com.caldis.babydays;
				CODE_SIGN_ENTITLEMENTS = Widget/BabyDaysWidget.entitlements;
				COMBINE_HIDPI_IMAGES = YES;
				ENABLE_HARDENED_RUNTIME = YES;
				INFOPLIST_FILE = Widget/Info.plist;
				INFOPLIST_KEY_CFBundleDisplayName = "宝宝多大";
				LD_RUNPATH_SEARCH_PATHS = (
					"$(inherited)",
					"@executable_path/../Frameworks",
					"@executable_path/../../../../Frameworks",
				);
				PRODUCT_BUNDLE_IDENTIFIER = com.caldis.babydays.widget;
				PRODUCT_NAME = BabyDaysWidget;
				SDKROOT = macosx;
				SKIP_INSTALL = YES;
			};
			name = Debug;
		};
		31374ADADBBBDD0A480A38D1 /* Debug */ = {
			isa = XCBuildConfiguration;
			buildSettings = {
				APP_GROUP_ID = group.com.caldis.babydays;
				CODE_SIGN_ENTITLEMENTS = "Widget/BabyDaysWidget-iOS.entitlements";
				INFOPLIST_FILE = Widget/Info.plist;
				INFOPLIST_KEY_CFBundleDisplayName = "宝宝多大";
				LD_RUNPATH_SEARCH_PATHS = (
					"$(inherited)",
					"@executable_path/Frameworks",
					"@executable_path/../../Frameworks",
				);
				PRODUCT_BUNDLE_IDENTIFIER = com.caldis.babydays.widget;
				PRODUCT_NAME = BabyDaysWidget;
				SDKROOT = iphoneos;
				SKIP_INSTALL = YES;
				TARGETED_DEVICE_FAMILY = 1;
			};
			name = Debug;
		};
		47E0E927E2EA1A43EF688DBE /* Release */ = {
			isa = XCBuildConfiguration;
			buildSettings = {
				APP_GROUP_ID = N7Z52F27XK.com.caldis.babydays;
				ASSETCATALOG_COMPILER_APPICON_NAME = AppIcon;
				ASSETCATALOG_COMPILER_GLOBAL_ACCENT_COLOR_NAME = AccentColor;
				CODE_SIGN_ENTITLEMENTS = App/BabyDays.entitlements;
				COMBINE_HIDPI_IMAGES = YES;
				ENABLE_HARDENED_RUNTIME = YES;
				INFOPLIST_FILE = "App/Info-macOS.plist";
				INFOPLIST_KEY_CFBundleDisplayName = "宝宝多大";
				INFOPLIST_KEY_ITSAppUsesNonExemptEncryption = NO;
				INFOPLIST_KEY_LSApplicationCategoryType = "public.app-category.lifestyle";
				LD_RUNPATH_SEARCH_PATHS = (
					"$(inherited)",
					"@executable_path/../Frameworks",
				);
				PRODUCT_BUNDLE_IDENTIFIER = com.caldis.babydays;
				PRODUCT_NAME = BabyDays;
				SDKROOT = macosx;
			};
			name = Release;
		};
		4E449C8DA4E2B8394EA87C3C /* Debug */ = {
			isa = XCBuildConfiguration;
			buildSettings = {
				APP_GROUP_ID = N7Z52F27XK.com.caldis.babydays;
				ASSETCATALOG_COMPILER_APPICON_NAME = AppIcon;
				ASSETCATALOG_COMPILER_GLOBAL_ACCENT_COLOR_NAME = AccentColor;
				CODE_SIGN_ENTITLEMENTS = "App/BabyDays-AppStore.entitlements";
				COMBINE_HIDPI_IMAGES = YES;
				ENABLE_HARDENED_RUNTIME = YES;
				INFOPLIST_FILE = "App/Info-macOS-AppStore.plist";
				INFOPLIST_KEY_CFBundleDisplayName = "宝宝多大";
				INFOPLIST_KEY_ITSAppUsesNonExemptEncryption = NO;
				INFOPLIST_KEY_LSApplicationCategoryType = "public.app-category.lifestyle";
				LD_RUNPATH_SEARCH_PATHS = (
					"$(inherited)",
					"@executable_path/../Frameworks",
				);
				PRODUCT_BUNDLE_IDENTIFIER = com.caldis.babydays;
				PRODUCT_NAME = BabyDays;
				SDKROOT = macosx;
				SWIFT_ACTIVE_COMPILATION_CONDITIONS = "$(inherited) APP_STORE";
			};
			name = Debug;
		};
		54478A941AB993FC7D66488F /* Release */ = {
			isa = XCBuildConfiguration;
			buildSettings = {
				APP_GROUP_ID = N7Z52F27XK.com.caldis.babydays;
				CODE_SIGN_ENTITLEMENTS = "Widget/BabyDaysWidget-AppStore.entitlements";
				COMBINE_HIDPI_IMAGES = YES;
				ENABLE_HARDENED_RUNTIME = YES;
				INFOPLIST_FILE = Widget/Info.plist;
				INFOPLIST_KEY_CFBundleDisplayName = "宝宝多大";
				LD_RUNPATH_SEARCH_PATHS = (
					"$(inherited)",
					"@executable_path/../Frameworks",
					"@executable_path/../../../../Frameworks",
				);
				PRODUCT_BUNDLE_IDENTIFIER = com.caldis.babydays.widget;
				PRODUCT_NAME = BabyDaysWidget;
				SDKROOT = macosx;
				SKIP_INSTALL = YES;
				SWIFT_ACTIVE_COMPILATION_CONDITIONS = "$(inherited) APP_STORE";
				UPDATE_FEED_URL = "";
			};
			name = Release;
		};
		66BAF995B1CEC29CCDF74574 /* Release */ = {
			isa = XCBuildConfiguration;
			buildSettings = {
				APP_GROUP_ID = N7Z52F27XK.com.caldis.babydays;
				ASSETCATALOG_COMPILER_APPICON_NAME = AppIcon;
				ASSETCATALOG_COMPILER_GLOBAL_ACCENT_COLOR_NAME = AccentColor;
				CODE_SIGN_ENTITLEMENTS = "App/BabyDays-AppStore.entitlements";
				COMBINE_HIDPI_IMAGES = YES;
				ENABLE_HARDENED_RUNTIME = YES;
				INFOPLIST_FILE = "App/Info-macOS-AppStore.plist";
				INFOPLIST_KEY_CFBundleDisplayName = "宝宝多大";
				INFOPLIST_KEY_ITSAppUsesNonExemptEncryption = NO;
				INFOPLIST_KEY_LSApplicationCategoryType = "public.app-category.lifestyle";
				LD_RUNPATH_SEARCH_PATHS = (
					"$(inherited)",
					"@executable_path/../Frameworks",
				);
				PRODUCT_BUNDLE_IDENTIFIER = com.caldis.babydays;
				PRODUCT_NAME = BabyDays;
				SDKROOT = macosx;
				SWIFT_ACTIVE_COMPILATION_CONDITIONS = "$(inherited) APP_STORE";
			};
			name = Release;
		};
		6D25AB6337DEE48C78DC93F6 /* Debug */ = {
			isa = XCBuildConfiguration;
			buildSettings = {
				APP_GROUP_ID = group.com.caldis.babydays;
				ASSETCATALOG_COMPILER_APPICON_NAME = AppIcon;
				ASSETCATALOG_COMPILER_GLOBAL_ACCENT_COLOR_NAME = AccentColor;
				CODE_SIGN_ENTITLEMENTS = "App/BabyDays-iOS.entitlements";
				CODE_SIGN_IDENTITY = "iPhone Developer";
				INFOPLIST_FILE = "App/Info-iOS.plist";
				INFOPLIST_KEY_CFBundleDisplayName = "宝宝多大";
				INFOPLIST_KEY_ITSAppUsesNonExemptEncryption = NO;
				INFOPLIST_KEY_LSApplicationCategoryType = "public.app-category.lifestyle";
				INFOPLIST_KEY_UIApplicationSceneManifest_Generation = YES;
				INFOPLIST_KEY_UISupportedInterfaceOrientations_iPhone = UIInterfaceOrientationPortrait;
				LD_RUNPATH_SEARCH_PATHS = (
					"$(inherited)",
					"@executable_path/Frameworks",
				);
				PRODUCT_BUNDLE_IDENTIFIER = com.caldis.babydays;
				PRODUCT_NAME = BabyDays;
				SDKROOT = iphoneos;
				TARGETED_DEVICE_FAMILY = 1;
			};
			name = Debug;
		};
		7E97310B8AD5C33687282EB8 /* Release */ = {
			isa = XCBuildConfiguration;
			buildSettings = {
				APP_GROUP_ID = N7Z52F27XK.com.caldis.babydays;
				CODE_SIGN_ENTITLEMENTS = Widget/BabyDaysWidget.entitlements;
				COMBINE_HIDPI_IMAGES = YES;
				ENABLE_HARDENED_RUNTIME = YES;
				INFOPLIST_FILE = Widget/Info.plist;
				INFOPLIST_KEY_CFBundleDisplayName = "宝宝多大";
				LD_RUNPATH_SEARCH_PATHS = (
					"$(inherited)",
					"@executable_path/../Frameworks",
					"@executable_path/../../../../Frameworks",
				);
				PRODUCT_BUNDLE_IDENTIFIER = com.caldis.babydays.widget;
				PRODUCT_NAME = BabyDaysWidget;
				SDKROOT = macosx;
				SKIP_INSTALL = YES;
			};
			name = Release;
		};
		845621F48485300E1C8BBCB4 /* Debug */ = {
			isa = XCBuildConfiguration;
			buildSettings = {
				APP_GROUP_ID = group.com.caldis.babydays;
				CODE_SIGN_ENTITLEMENTS = TopShelf/BabyDaysTopShelf.entitlements;
				INFOPLIST_FILE = TopShelf/Info.plist;
				INFOPLIST_KEY_CFBundleDisplayName = "宝宝多大";
				INFOPLIST_KEY_UIRequiredDeviceCapabilities = arm64;
				LD_RUNPATH_SEARCH_PATHS = (
					"$(inherited)",
					"@executable_path/Frameworks",
					"@executable_path/../../Frameworks",
				);
				PRODUCT_BUNDLE_IDENTIFIER = com.caldis.babydays.topshelf;
				PRODUCT_NAME = BabyDaysTopShelf;
				SDKROOT = appletvos;
				SKIP_INSTALL = YES;
				TARGETED_DEVICE_FAMILY = 3;
			};
			name = Debug;
		};
		96D3DEFE001C041FA27F0682 /* Debug */ = {
			isa = XCBuildConfiguration;
			buildSettings = {
				APP_GROUP_ID = N7Z52F27XK.com.caldis.babydays;
				ASSETCATALOG_COMPILER_APPICON_NAME = AppIcon;
				ASSETCATALOG_COMPILER_GLOBAL_ACCENT_COLOR_NAME = AccentColor;
				CODE_SIGN_ENTITLEMENTS = App/BabyDays.entitlements;
				COMBINE_HIDPI_IMAGES = YES;
				ENABLE_HARDENED_RUNTIME = YES;
				INFOPLIST_FILE = "App/Info-macOS.plist";
				INFOPLIST_KEY_CFBundleDisplayName = "宝宝多大";
				INFOPLIST_KEY_ITSAppUsesNonExemptEncryption = NO;
				INFOPLIST_KEY_LSApplicationCategoryType = "public.app-category.lifestyle";
				LD_RUNPATH_SEARCH_PATHS = (
					"$(inherited)",
					"@executable_path/../Frameworks",
				);
				PRODUCT_BUNDLE_IDENTIFIER = com.caldis.babydays;
				PRODUCT_NAME = BabyDays;
				SDKROOT = macosx;
			};
			name = Debug;
		};
		970A03EE9E667F4445DA382F /* Debug */ = {
			isa = XCBuildConfiguration;
			buildSettings = {
				APP_GROUP_ID = N7Z52F27XK.com.caldis.babydays;
				CODE_SIGN_ENTITLEMENTS = "Widget/BabyDaysWidget-AppStore.entitlements";
				COMBINE_HIDPI_IMAGES = YES;
				ENABLE_HARDENED_RUNTIME = YES;
				INFOPLIST_FILE = Widget/Info.plist;
				INFOPLIST_KEY_CFBundleDisplayName = "宝宝多大";
				LD_RUNPATH_SEARCH_PATHS = (
					"$(inherited)",
					"@executable_path/../Frameworks",
					"@executable_path/../../../../Frameworks",
				);
				PRODUCT_BUNDLE_IDENTIFIER = com.caldis.babydays.widget;
				PRODUCT_NAME = BabyDaysWidget;
				SDKROOT = macosx;
				SKIP_INSTALL = YES;
				SWIFT_ACTIVE_COMPILATION_CONDITIONS = "$(inherited) APP_STORE";
				UPDATE_FEED_URL = "";
			};
			name = Debug;
		};
		A86C9725178FB5FC2EB884A6 /* Release */ = {
			isa = XCBuildConfiguration;
			buildSettings = {
				APP_GROUP_ID = group.com.caldis.babydays;
				ASSETCATALOG_COMPILER_APPICON_NAME = "App Icon & Top Shelf Image";
				ASSETCATALOG_COMPILER_GLOBAL_ACCENT_COLOR_NAME = AccentColor;
				ASSETCATALOG_COMPILER_LAUNCHIMAGE_NAME = LaunchImage;
				CODE_SIGN_ENTITLEMENTS = "TV/BabyDays-tvOS.entitlements";
				INFOPLIST_FILE = TV/Info.plist;
				INFOPLIST_KEY_CFBundleDisplayName = "宝宝多大";
				INFOPLIST_KEY_ITSAppUsesNonExemptEncryption = NO;
				INFOPLIST_KEY_LSApplicationCategoryType = "public.app-category.lifestyle";
				INFOPLIST_KEY_UIRequiredDeviceCapabilities = arm64;
				LD_RUNPATH_SEARCH_PATHS = (
					"$(inherited)",
					"@executable_path/Frameworks",
				);
				PRODUCT_BUNDLE_IDENTIFIER = com.caldis.babydays;
				PRODUCT_NAME = BabyDays;
				SDKROOT = appletvos;
				TARGETED_DEVICE_FAMILY = 3;
			};
			name = Release;
		};
		C38F8DE7781A5E25AFDC7BD9 /* Release */ = {
			isa = XCBuildConfiguration;
			buildSettings = {
				APP_GROUP_ID = group.com.caldis.babydays;
				CODE_SIGN_ENTITLEMENTS = "Widget/BabyDaysWidget-iOS.entitlements";
				INFOPLIST_FILE = Widget/Info.plist;
				INFOPLIST_KEY_CFBundleDisplayName = "宝宝多大";
				LD_RUNPATH_SEARCH_PATHS = (
					"$(inherited)",
					"@executable_path/Frameworks",
					"@executable_path/../../Frameworks",
				);
				PRODUCT_BUNDLE_IDENTIFIER = com.caldis.babydays.widget;
				PRODUCT_NAME = BabyDaysWidget;
				SDKROOT = iphoneos;
				SKIP_INSTALL = YES;
				TARGETED_DEVICE_FAMILY = 1;
			};
			name = Release;
		};
		D826CFDFC3007AACE082A5DD /* Debug */ = {
			isa = XCBuildConfiguration;
			buildSettings = {
				APP_GROUP_ID = group.com.caldis.babydays;
				ASSETCATALOG_COMPILER_APPICON_NAME = "App Icon & Top Shelf Image";
				ASSETCATALOG_COMPILER_GLOBAL_ACCENT_COLOR_NAME = AccentColor;
				ASSETCATALOG_COMPILER_LAUNCHIMAGE_NAME = LaunchImage;
				CODE_SIGN_ENTITLEMENTS = "TV/BabyDays-tvOS.entitlements";
				INFOPLIST_FILE = TV/Info.plist;
				INFOPLIST_KEY_CFBundleDisplayName = "宝宝多大";
				INFOPLIST_KEY_ITSAppUsesNonExemptEncryption = NO;
				INFOPLIST_KEY_LSApplicationCategoryType = "public.app-category.lifestyle";
				INFOPLIST_KEY_UIRequiredDeviceCapabilities = arm64;
				LD_RUNPATH_SEARCH_PATHS = (
					"$(inherited)",
					"@executable_path/Frameworks",
				);
				PRODUCT_BUNDLE_IDENTIFIER = com.caldis.babydays;
				PRODUCT_NAME = BabyDays;
				SDKROOT = appletvos;
				TARGETED_DEVICE_FAMILY = 3;
			};
			name = Debug;
		};
		E4DA8898FCF92B322C14D88E /* Release */ = {
			isa = XCBuildConfiguration;
			buildSettings = {
				APP_GROUP_ID = group.com.caldis.babydays;
				ASSETCATALOG_COMPILER_APPICON_NAME = AppIcon;
				ASSETCATALOG_COMPILER_GLOBAL_ACCENT_COLOR_NAME = AccentColor;
				CODE_SIGN_ENTITLEMENTS = "App/BabyDays-iOS.entitlements";
				CODE_SIGN_IDENTITY = "iPhone Developer";
				INFOPLIST_FILE = "App/Info-iOS.plist";
				INFOPLIST_KEY_CFBundleDisplayName = "宝宝多大";
				INFOPLIST_KEY_ITSAppUsesNonExemptEncryption = NO;
				INFOPLIST_KEY_LSApplicationCategoryType = "public.app-category.lifestyle";
				INFOPLIST_KEY_UIApplicationSceneManifest_Generation = YES;
				INFOPLIST_KEY_UISupportedInterfaceOrientations_iPhone = UIInterfaceOrientationPortrait;
				LD_RUNPATH_SEARCH_PATHS = (
					"$(inherited)",
					"@executable_path/Frameworks",
				);
				PRODUCT_BUNDLE_IDENTIFIER = com.caldis.babydays;
				PRODUCT_NAME = BabyDays;
				SDKROOT = iphoneos;
				TARGETED_DEVICE_FAMILY = 1;
			};
			name = Release;
		};
		EA6FFC5C6B6C30432B8D179A /* Debug */ = {
			isa = XCBuildConfiguration;
			buildSettings = {
				ALWAYS_SEARCH_USER_PATHS = NO;
				CLANG_ANALYZER_NONNULL = YES;
				CLANG_ANALYZER_NUMBER_OBJECT_CONVERSION = YES_AGGRESSIVE;
				CLANG_CXX_LANGUAGE_STANDARD = "gnu++14";
				CLANG_CXX_LIBRARY = "libc++";
				CLANG_ENABLE_MODULES = YES;
				CLANG_ENABLE_OBJC_ARC = YES;
				CLANG_ENABLE_OBJC_WEAK = YES;
				CLANG_WARN_BLOCK_CAPTURE_AUTORELEASING = YES;
				CLANG_WARN_BOOL_CONVERSION = YES;
				CLANG_WARN_COMMA = YES;
				CLANG_WARN_CONSTANT_CONVERSION = YES;
				CLANG_WARN_DEPRECATED_OBJC_IMPLEMENTATIONS = YES;
				CLANG_WARN_DIRECT_OBJC_ISA_USAGE = YES_ERROR;
				CLANG_WARN_DOCUMENTATION_COMMENTS = YES;
				CLANG_WARN_EMPTY_BODY = YES;
				CLANG_WARN_ENUM_CONVERSION = YES;
				CLANG_WARN_INFINITE_RECURSION = YES;
				CLANG_WARN_INT_CONVERSION = YES;
				CLANG_WARN_NON_LITERAL_NULL_CONVERSION = YES;
				CLANG_WARN_OBJC_IMPLICIT_RETAIN_SELF = YES;
				CLANG_WARN_OBJC_LITERAL_CONVERSION = YES;
				CLANG_WARN_OBJC_ROOT_CLASS = YES_ERROR;
				CLANG_WARN_QUOTED_INCLUDE_IN_FRAMEWORK_HEADER = YES;
				CLANG_WARN_RANGE_LOOP_ANALYSIS = YES;
				CLANG_WARN_STRICT_PROTOTYPES = YES;
				CLANG_WARN_SUSPICIOUS_MOVE = YES;
				CLANG_WARN_UNGUARDED_AVAILABILITY = YES_AGGRESSIVE;
				CLANG_WARN_UNREACHABLE_CODE = YES;
				CLANG_WARN__DUPLICATE_METHOD_MATCH = YES;
				CODE_SIGN_STYLE = Automatic;
				COPY_PHASE_STRIP = NO;
				CURRENT_PROJECT_VERSION = 2;
				DEAD_CODE_STRIPPING = YES;
				DEBUG_INFORMATION_FORMAT = dwarf;
				DEVELOPMENT_TEAM = N7Z52F27XK;
				ENABLE_STRICT_OBJC_MSGSEND = YES;
				ENABLE_TESTABILITY = YES;
				ENABLE_USER_SCRIPT_SANDBOXING = YES;
				GCC_C_LANGUAGE_STANDARD = gnu11;
				GCC_DYNAMIC_NO_PIC = NO;
				GCC_NO_COMMON_BLOCKS = YES;
				GCC_OPTIMIZATION_LEVEL = 0;
				GCC_PREPROCESSOR_DEFINITIONS = (
					"$(inherited)",
					"DEBUG=1",
				);
				GCC_WARN_64_TO_32_BIT_CONVERSION = YES;
				GCC_WARN_ABOUT_RETURN_TYPE = YES_ERROR;
				GCC_WARN_UNDECLARED_SELECTOR = YES;
				GCC_WARN_UNINITIALIZED_AUTOS = YES_AGGRESSIVE;
				GCC_WARN_UNUSED_FUNCTION = YES;
				GCC_WARN_UNUSED_VARIABLE = YES;
				GENERATE_INFOPLIST_FILE = YES;
				IPHONEOS_DEPLOYMENT_TARGET = 17.0;
				MACOSX_DEPLOYMENT_TARGET = 14.0;
				MARKETING_VERSION = 1.2.1;
				MTL_ENABLE_DEBUG_INFO = INCLUDE_SOURCE;
				MTL_FAST_MATH = YES;
				ONLY_ACTIVE_ARCH = YES;
				PRODUCT_NAME = "$(TARGET_NAME)";
				SPARKLE_PUBLIC_KEY = "/AXBxGAnAkyLah+yTAUTMQ1a+c1Xz3t2/w/S34405Gs=";
				SWIFT_ACTIVE_COMPILATION_CONDITIONS = DEBUG;
				SWIFT_OPTIMIZATION_LEVEL = "-Onone";
				SWIFT_VERSION = 5.0;
				TVOS_DEPLOYMENT_TARGET = 17.0;
				UPDATE_FEED_URL = "https://github.com/Caldis/baby-days/releases/latest/download/appcast.xml";
			};
			name = Debug;
		};
		ECAA8CAD90A4EB03E52BF395 /* Release */ = {
			isa = XCBuildConfiguration;
			buildSettings = {
				ALWAYS_SEARCH_USER_PATHS = NO;
				CLANG_ANALYZER_NONNULL = YES;
				CLANG_ANALYZER_NUMBER_OBJECT_CONVERSION = YES_AGGRESSIVE;
				CLANG_CXX_LANGUAGE_STANDARD = "gnu++14";
				CLANG_CXX_LIBRARY = "libc++";
				CLANG_ENABLE_MODULES = YES;
				CLANG_ENABLE_OBJC_ARC = YES;
				CLANG_ENABLE_OBJC_WEAK = YES;
				CLANG_WARN_BLOCK_CAPTURE_AUTORELEASING = YES;
				CLANG_WARN_BOOL_CONVERSION = YES;
				CLANG_WARN_COMMA = YES;
				CLANG_WARN_CONSTANT_CONVERSION = YES;
				CLANG_WARN_DEPRECATED_OBJC_IMPLEMENTATIONS = YES;
				CLANG_WARN_DIRECT_OBJC_ISA_USAGE = YES_ERROR;
				CLANG_WARN_DOCUMENTATION_COMMENTS = YES;
				CLANG_WARN_EMPTY_BODY = YES;
				CLANG_WARN_ENUM_CONVERSION = YES;
				CLANG_WARN_INFINITE_RECURSION = YES;
				CLANG_WARN_INT_CONVERSION = YES;
				CLANG_WARN_NON_LITERAL_NULL_CONVERSION = YES;
				CLANG_WARN_OBJC_IMPLICIT_RETAIN_SELF = YES;
				CLANG_WARN_OBJC_LITERAL_CONVERSION = YES;
				CLANG_WARN_OBJC_ROOT_CLASS = YES_ERROR;
				CLANG_WARN_QUOTED_INCLUDE_IN_FRAMEWORK_HEADER = YES;
				CLANG_WARN_RANGE_LOOP_ANALYSIS = YES;
				CLANG_WARN_STRICT_PROTOTYPES = YES;
				CLANG_WARN_SUSPICIOUS_MOVE = YES;
				CLANG_WARN_UNGUARDED_AVAILABILITY = YES_AGGRESSIVE;
				CLANG_WARN_UNREACHABLE_CODE = YES;
				CLANG_WARN__DUPLICATE_METHOD_MATCH = YES;
				CODE_SIGN_STYLE = Automatic;
				COPY_PHASE_STRIP = NO;
				CURRENT_PROJECT_VERSION = 2;
				DEAD_CODE_STRIPPING = YES;
				DEBUG_INFORMATION_FORMAT = "dwarf-with-dsym";
				DEVELOPMENT_TEAM = N7Z52F27XK;
				ENABLE_NS_ASSERTIONS = NO;
				ENABLE_STRICT_OBJC_MSGSEND = YES;
				ENABLE_USER_SCRIPT_SANDBOXING = YES;
				GCC_C_LANGUAGE_STANDARD = gnu11;
				GCC_NO_COMMON_BLOCKS = YES;
				GCC_WARN_64_TO_32_BIT_CONVERSION = YES;
				GCC_WARN_ABOUT_RETURN_TYPE = YES_ERROR;
				GCC_WARN_UNDECLARED_SELECTOR = YES;
				GCC_WARN_UNINITIALIZED_AUTOS = YES_AGGRESSIVE;
				GCC_WARN_UNUSED_FUNCTION = YES;
				GCC_WARN_UNUSED_VARIABLE = YES;
				GENERATE_INFOPLIST_FILE = YES;
				IPHONEOS_DEPLOYMENT_TARGET = 17.0;
				MACOSX_DEPLOYMENT_TARGET = 14.0;
				MARKETING_VERSION = 1.2.1;
				MTL_ENABLE_DEBUG_INFO = NO;
				MTL_FAST_MATH = YES;
				PRODUCT_NAME = "$(TARGET_NAME)";
				SPARKLE_PUBLIC_KEY = "/AXBxGAnAkyLah+yTAUTMQ1a+c1Xz3t2/w/S34405Gs=";
				SWIFT_COMPILATION_MODE = wholemodule;
				SWIFT_OPTIMIZATION_LEVEL = "-O";
				SWIFT_VERSION = 5.0;
				TVOS_DEPLOYMENT_TARGET = 17.0;
				UPDATE_FEED_URL = "https://github.com/Caldis/baby-days/releases/latest/download/appcast.xml";
			};
			name = Release;
		};
/* End XCBuildConfiguration section */

/* Begin XCConfigurationList section */
		13ED3FF9D07120EABEE61116 /* Build configuration list for PBXProject "BabyDays" */ = {
			isa = XCConfigurationList;
			buildConfigurations = (
				EA6FFC5C6B6C30432B8D179A /* Debug */,
				ECAA8CAD90A4EB03E52BF395 /* Release */,
			);
			defaultConfigurationIsVisible = 0;
			defaultConfigurationName = Debug;
		};
		31895CCB6F80348898678C49 /* Build configuration list for PBXNativeTarget "BabyDaysWidget-macOS" */ = {
			isa = XCConfigurationList;
			buildConfigurations = (
				298E93DEDB512E0C03DB130F /* Debug */,
				7E97310B8AD5C33687282EB8 /* Release */,
			);
			defaultConfigurationIsVisible = 0;
			defaultConfigurationName = Debug;
		};
		66AC71482B8DDD3B40830494 /* Build configuration list for PBXNativeTarget "BabyDays-macOS" */ = {
			isa = XCConfigurationList;
			buildConfigurations = (
				96D3DEFE001C041FA27F0682 /* Debug */,
				47E0E927E2EA1A43EF688DBE /* Release */,
			);
			defaultConfigurationIsVisible = 0;
			defaultConfigurationName = Debug;
		};
		720C4EF524A833AA9E761768 /* Build configuration list for PBXNativeTarget "BabyDaysWidget-iOS" */ = {
			isa = XCConfigurationList;
			buildConfigurations = (
				31374ADADBBBDD0A480A38D1 /* Debug */,
				C38F8DE7781A5E25AFDC7BD9 /* Release */,
			);
			defaultConfigurationIsVisible = 0;
			defaultConfigurationName = Debug;
		};
		7AA122247797471DF09C21E4 /* Build configuration list for PBXNativeTarget "BabyDays-tvOS" */ = {
			isa = XCConfigurationList;
			buildConfigurations = (
				D826CFDFC3007AACE082A5DD /* Debug */,
				A86C9725178FB5FC2EB884A6 /* Release */,
			);
			defaultConfigurationIsVisible = 0;
			defaultConfigurationName = Debug;
		};
		99310AC957B1E54F69F1C0C9 /* Build configuration list for PBXNativeTarget "BabyDays-macOS-AppStore" */ = {
			isa = XCConfigurationList;
			buildConfigurations = (
				4E449C8DA4E2B8394EA87C3C /* Debug */,
				66BAF995B1CEC29CCDF74574 /* Release */,
			);
			defaultConfigurationIsVisible = 0;
			defaultConfigurationName = Debug;
		};
		A2F03F24F484898267DD141F /* Build configuration list for PBXNativeTarget "BabyDaysTopShelf-tvOS" */ = {
			isa = XCConfigurationList;
			buildConfigurations = (
				845621F48485300E1C8BBCB4 /* Debug */,
				1B6A5EF9637D83737D3A0F67 /* Release */,
			);
			defaultConfigurationIsVisible = 0;
			defaultConfigurationName = Debug;
		};
		C26ABA931DC09E1880DB8BE0 /* Build configuration list for PBXNativeTarget "BabyDaysWidget-macOS-AppStore" */ = {
			isa = XCConfigurationList;
			buildConfigurations = (
				970A03EE9E667F4445DA382F /* Debug */,
				54478A941AB993FC7D66488F /* Release */,
			);
			defaultConfigurationIsVisible = 0;
			defaultConfigurationName = Debug;
		};
		D83BB5260B57AAAA64851CEA /* Build configuration list for PBXNativeTarget "BabyDays-iOS" */ = {
			isa = XCConfigurationList;
			buildConfigurations = (
				6D25AB6337DEE48C78DC93F6 /* Debug */,
				E4DA8898FCF92B322C14D88E /* Release */,
			);
			defaultConfigurationIsVisible = 0;
			defaultConfigurationName = Debug;
		};
/* End XCConfigurationList section */

/* Begin XCRemoteSwiftPackageReference section */
		4116C4A0EA7E2F49F0371AC0 /* XCRemoteSwiftPackageReference "Sparkle" */ = {
			isa = XCRemoteSwiftPackageReference;
			repositoryURL = "https://github.com/sparkle-project/Sparkle";
			requirement = {
				kind = upToNextMajorVersion;
				minimumVersion = 2.10.0;
			};
		};
/* End XCRemoteSwiftPackageReference section */

/* Begin XCSwiftPackageProductDependency section */
		97DEF3B07E064FF3AA75D12A /* Sparkle */ = {
			isa = XCSwiftPackageProductDependency;
			package = 4116C4A0EA7E2F49F0371AC0 /* XCRemoteSwiftPackageReference "Sparkle" */;
			productName = Sparkle;
		};
/* End XCSwiftPackageProductDependency section */
	};
	rootObject = 3BE861DE2A9C7BFBCF860A92 /* Project object */;
}
